
Microsoft Visual Studio Solution File, Format Version 12.00
# Visual Studio 15
VisualStudioVersion = 15.0.27703.2000
MinimumVisualStudioVersion = 10.0.40219.1
Project("{8BC9CEB8-8B4A-11D0-8D11-00A0C91BC942}") = "unpack01", "unpack01\unpack01.vcxproj", "{3596C2C2-4B8F-4985-A9A6-7473860B956F}"
EndProject
Global
	GlobalSection(SolutionConfigurationPlatforms) = preSolution
		Debug|x64 = Debug|x64
		Debug|x86 = Debug|x86
		Release|x64 = Release|x64
		Release|x86 = Release|x86
	EndGlobalSection
	GlobalSection(ProjectConfigurationPlatforms) = postSolution
		{3596C2C2-4B8F-4985-A9A6-7473860B956F}.Debug|x64.ActiveCfg = Debug|x64
		{3596C2C2-4B8F-4985-A9A6-7473860B956F}.Debug|x64.Build.0 = Debug|x64
		{3596C2C2-4B8F-4985-A9A6-7473860B956F}.Debug|x86.ActiveCfg = Debug|Win32
		{3596C2C2-4B8F-4985-A9A6-7473860B956F}.Debug|x86.Build.0 = Debug|Win32
		{3596C2C2-4B8F-4985-A9A6-7473860B956F}.Release|x64.ActiveCfg = Release|x64
		{3596C2C2-4B8F-4985-A9A6-7473860B956F}.Release|x64.Build.0 = Release|x64
		{3596C2C2-4B8F-4985-A9A6-7473860B956F}.Release|x86.ActiveCfg = Release|Win32
		{3596C2C2-4B8F-4985-A9A6-7473860B956F}.Release|x86.Build.0 = Release|Win32
	EndGlobalSection
	GlobalSection(SolutionProperties) = preSolution
		HideSolutionNode = FALSE
	EndGlobalSection
	GlobalSection(ExtensibilityGlobals) = postSolution
		SolutionGuid = {77177369-7CBA-444F-9613-029E6E909E2C}
	EndGlobalSection
EndGlobal
